
Microsoft Visual Studio Solution File, Format Version 12.00
# Visual Studio Version 16
VisualStudioVersion = 16.0.810.25
MinimumVisualStudioVersion = 10.0.40219.1
Project("{FAE04EC0-301F-11D3-BF4B-00C04F79EFBC}") = "Task1", "Task1\Task1.csproj", "{DA66144E-39FE-4748-9AF9-B4EBFED915AB}"
EndProject
Project("{FAE04EC0-301F-11D3-BF4B-00C04F79EFBC}") = "Task2", "Task2\Task2.csproj", "{CDCDF43C-59ED-425B-BBF5-FB427227254D}"
EndProject
Project("{FAE04EC0-301F-11D3-BF4B-00C04F79EFBC}") = "Task3", "Task3\Task3.csproj", "{6AF7C5D7-3EC0-48C9-BEBB-E2A0EB1FBF6E}"
EndProject
Global
	GlobalSection(SolutionConfigurationPlatforms) = preSolution
		Debug|anycpu = Debug|anycpu
		Release|anycpu = Release|anycpu
	EndGlobalSection
	GlobalSection(ProjectConfigurationPlatforms) = postSolution
		{DA66144E-39FE-4748-9AF9-B4EBFED915AB}.Debug|anycpu.ActiveCfg = Debug|anycpu
		{DA66144E-39FE-4748-9AF9-B4EBFED915AB}.Debug|anycpu.Build.0 = Debug|anycpu
		{DA66144E-39FE-4748-9AF9-B4EBFED915AB}.Release|anycpu.ActiveCfg = Release|anycpu
		{DA66144E-39FE-4748-9AF9-B4EBFED915AB}.Release|anycpu.Build.0 = Release|anycpu
		{CDCDF43C-59ED-425B-BBF5-FB427227254D}.Debug|anycpu.ActiveCfg = Debug|anycpu
		{CDCDF43C-59ED-425B-BBF5-FB427227254D}.Debug|anycpu.Build.0 = Debug|anycpu
		{CDCDF43C-59ED-425B-BBF5-FB427227254D}.Release|anycpu.ActiveCfg = Release|anycpu
		{CDCDF43C-59ED-425B-BBF5-FB427227254D}.Release|anycpu.Build.0 = Release|anycpu
		{6AF7C5D7-3EC0-48C9-BEBB-E2A0EB1FBF6E}.Debug|anycpu.ActiveCfg = Debug|anycpu
		{6AF7C5D7-3EC0-48C9-BEBB-E2A0EB1FBF6E}.Debug|anycpu.Build.0 = Debug|anycpu
		{6AF7C5D7-3EC0-48C9-BEBB-E2A0EB1FBF6E}.Release|anycpu.ActiveCfg = Release|anycpu
		{6AF7C5D7-3EC0-48C9-BEBB-E2A0EB1FBF6E}.Release|anycpu.Build.0 = Release|anycpu
	EndGlobalSection
	GlobalSection(SolutionProperties) = preSolution
		HideSolutionNode = FALSE
	EndGlobalSection
	GlobalSection(ExtensibilityGlobals) = postSolution
		SolutionGuid = {5E1CA7CE-5BC6-4B82-8C80-3F06C39F8497}
	EndGlobalSection
EndGlobal
